version: 6
environments:
  default:
    channels:
    - url: https://srgconda.bj.bcebos.com/
    - url: https://prefix.dev/meta-forge/
    - url: https://conda.anaconda.org/conda-forge/
    packages:
      linux-64:
      - conda: https://conda.anaconda.org/conda-forge/linux-64/_libgcc_mutex-0.1-conda_forge.tar.bz2
      - conda: https://conda.anaconda.org/conda-forge/linux-64/_openmp_mutex-4.5-2_gnu.tar.bz2
      - conda: https://conda.anaconda.org/conda-forge/noarch/ca-certificates-2025.11.12-hbd8a1cb_0.conda
      - conda: https://conda.anaconda.org/conda-forge/linux-64/cuda-cudart-12.9.79-h5888daf_0.conda
      - conda: https://conda.anaconda.org/conda-forge/noarch/cuda-cudart_linux-64-12.9.79-h3f2d84a_0.conda
      - conda: https://conda.anaconda.org/conda-forge/noarch/cuda-version-12.9-h4f385c5_3.conda
      - conda: https://conda.anaconda.org/conda-forge/linux-64/icu-75.1-he02047a_0.conda
      - conda: https://conda.anaconda.org/conda-forge/linux-64/libevent-2.1.12-hf998b51_1.conda
      - conda: https://conda.anaconda.org/conda-forge/linux-64/libgcc-15.2.0-he0feb66_12.conda
      - conda: https://conda.anaconda.org/conda-forge/linux-64/libgcc-ng-15.2.0-h69a702a_12.conda
      - conda: https://conda.anaconda.org/conda-forge/linux-64/libgfortran-15.2.0-h69a702a_12.conda
      - conda: https://conda.anaconda.org/conda-forge/linux-64/libgfortran-ng-15.2.0-h69a702a_12.conda
      - conda: https://conda.anaconda.org/conda-forge/linux-64/libgfortran5-15.2.0-h68bc16d_12.conda
      - conda: https://conda.anaconda.org/conda-forge/linux-64/libgomp-15.2.0-he0feb66_12.conda
      - conda: https://conda.anaconda.org/conda-forge/linux-64/libhwloc-2.11.2-default_h3d81e11_1002.conda
      - conda: https://conda.anaconda.org/conda-forge/linux-64/libiconv-1.18-h3b78370_2.conda
      - conda: https://conda.anaconda.org/conda-forge/linux-64/liblzma-5.8.1-hb9d3cd8_2.conda
      - conda: https://conda.anaconda.org/conda-forge/linux-64/libnl-3.11.0-hb9d3cd8_0.conda
      - conda: https://conda.anaconda.org/conda-forge/linux-64/libstdcxx-15.2.0-h934c35e_12.conda
      - conda: https://conda.anaconda.org/conda-forge/linux-64/libstdcxx-ng-15.2.0-hdf11a46_12.conda
      - conda: https://conda.anaconda.org/conda-forge/linux-64/libxcrypt-4.4.36-hd590300_1.conda
      - conda: https://conda.anaconda.org/conda-forge/linux-64/libxml2-2.13.9-h04c0eec_0.conda
      - conda: https://conda.anaconda.org/conda-forge/linux-64/libzlib-1.3.1-hb9d3cd8_2.conda
      - conda: https://conda.anaconda.org/conda-forge/linux-64/mpi-1.0-openmpi.tar.bz2
      - conda: https://conda.anaconda.org/conda-forge/linux-64/nccl-2.19.3.1-h3a97aeb_1.conda
      - conda: https://srgconda.bj.bcebos.com/linux-64/nccl-tests-2.17.6-cuda129_py310_pt2100dev20251014_18607db_0.conda
      - conda: https://conda.anaconda.org/conda-forge/linux-64/openmpi-5.0.5-h6ae21d5_103.conda
      - conda: https://conda.anaconda.org/conda-forge/linux-64/openssl-3.6.0-h26f9b46_0.conda
      - conda: https://conda.anaconda.org/conda-forge/linux-64/perl-5.32.1-7_hd590300_perl5.conda
      - conda: https://conda.anaconda.org/conda-forge/noarch/perl-test-1.26-pl5321hd8ed1ab_0.tar.bz2
      - conda: https://conda.anaconda.org/conda-forge/noarch/perl-test-harness-3.44-pl5321hd8ed1ab_0.tar.bz2
packages:
- conda: https://conda.anaconda.org/conda-forge/linux-64/_libgcc_mutex-0.1-conda_forge.tar.bz2
  sha256: fe51de6107f9edc7aa4f786a70f4a883943bc9d39b3bb7307c04c41410990726
  md5: d7c89558ba9fa0495403155b64376d81
  license: None
  size: 2562
  timestamp: 1578324546067
- conda: https://conda.anaconda.org/conda-forge/linux-64/_openmp_mutex-4.5-2_gnu.tar.bz2
  build_number: 16
  sha256: fbe2c5e56a653bebb982eda4876a9178aedfc2b545f25d0ce9c4c0b508253d22
  md5: 73aaf86a425cc6e73fcf236a5a46396d
  depends:
  - _libgcc_mutex 0.1 conda_forge
  - libgomp >=7.5.0
  constrains:
  - openmp_impl 9999
  license: BSD-3-Clause
  license_family: BSD
  size: 23621
  timestamp: 1650670423406
- conda: https://conda.anaconda.org/conda-forge/noarch/ca-certificates-2025.11.12-hbd8a1cb_0.conda
  sha256: b986ba796d42c9d3265602bc038f6f5264095702dd546c14bc684e60c385e773
  md5: f0991f0f84902f6b6009b4d2350a83aa
  depends:
  - __unix
  license: ISC
  size: 152432
  timestamp: 1762967197890
- conda: https://conda.anaconda.org/conda-forge/linux-64/cuda-cudart-12.9.79-h5888daf_0.conda
  sha256: 57d1294ecfaf9dc8cdb5fc4be3e63ebc7614538bddb5de53cfd9b1b7de43aed5
  md5: cb15315d19b58bd9cd424084e58ad081
  depends:
  - __glibc >=2.17,<3.0.a0
  - cuda-cudart_linux-64 12.9.79 h3f2d84a_0
  - cuda-version >=12.9,<12.10.0a0
  - libgcc >=13
  - libstdcxx >=13
  license: LicenseRef-NVIDIA-End-User-License-Agreement
  size: 23242
  timestamp: 1749218416505
- conda: https://conda.anaconda.org/conda-forge/noarch/cuda-cudart_linux-64-12.9.79-h3f2d84a_0.conda
  sha256: 6cde0ace2b995b49d0db2eefb7bc30bf00ffc06bb98ef7113632dec8f8907475
  md5: 64508631775fbbf9eca83c84b1df0cae
  depends:
  - cuda-version >=12.9,<12.10.0a0
  license: LicenseRef-NVIDIA-End-User-License-Agreement
  size: 197249
  timestamp: 1749218394213
- conda: https://conda.anaconda.org/conda-forge/noarch/cuda-version-12.9-h4f385c5_3.conda
  sha256: 5f5f428031933f117ff9f7fcc650e6ea1b3fef5936cf84aa24af79167513b656
  md5: b6d5d7f1c171cbd228ea06b556cfa859
  constrains:
  - cudatoolkit 12.9|12.9.*
  - __cuda >=12
  license: LicenseRef-NVIDIA-End-User-License-Agreement
  size: 21578
  timestamp: 1746134436166
- conda: https://conda.anaconda.org/conda-forge/linux-64/icu-75.1-he02047a_0.conda
  sha256: 71e750d509f5fa3421087ba88ef9a7b9be11c53174af3aa4d06aff4c18b38e8e
  md5: 8b189310083baabfb622af68fd9d3ae3
  depends:
  - __glibc >=2.17,<3.0.a0
  - libgcc-ng >=12
  - libstdcxx-ng >=12
  license: MIT
  license_family: MIT
  size: 12129203
  timestamp: 1720853576813
- conda: https://conda.anaconda.org/conda-forge/linux-64/libevent-2.1.12-hf998b51_1.conda
  sha256: 2e14399d81fb348e9d231a82ca4d816bf855206923759b69ad006ba482764131
  md5: a1cfcc585f0c42bf8d5546bb1dfb668d
  depends:
  - libgcc-ng >=12
  - openssl >=3.1.1,<4.0a0
  license: BSD-3-Clause
  license_family: BSD
  size: 427426
  timestamp: 1685725977222
- conda: https://conda.anaconda.org/conda-forge/linux-64/libgcc-15.2.0-he0feb66_12.conda
  sha256: b2c57cebdcf243f71d96a6c934c643aebb5a38093eb61d8d1aa67dc2e03c9244
  md5: b3137606149c607becd89faed5ee4ec6
  depends:
  - __glibc >=2.17,<3.0.a0
  - _openmp_mutex >=4.5
  constrains:
  - libgomp 15.2.0 he0feb66_12
  - libgcc-ng ==15.2.0=*_12
  license: GPL-3.0-only WITH GCC-exception-3.1
  license_family: GPL
  size: 1043771
  timestamp: 1764036113005
- conda: https://conda.anaconda.org/conda-forge/linux-64/libgcc-ng-15.2.0-h69a702a_12.conda
  sha256: b45f45c2362f9e8aaa5b875a7e612f4b4562bd136611a93b7642b45f7d1eaec3
  md5: 3c4b621138fcfc95ba219344b8a0d91f
  depends:
  - libgcc 15.2.0 he0feb66_12
  license: GPL-3.0-only WITH GCC-exception-3.1
  license_family: GPL
  size: 29191
  timestamp: 1764036122114
- conda: https://conda.anaconda.org/conda-forge/linux-64/libgfortran-15.2.0-h69a702a_12.conda
  sha256: 9893dd3c099c84490d1e009bec37ce135882b015b848a25da3594a6b10655585
  md5: 0ac333def43feadebcfbdb73b6098c03
  depends:
  - libgfortran5 15.2.0 h68bc16d_12
  constrains:
  - libgfortran-ng ==15.2.0=*_12
  license: GPL-3.0-only WITH GCC-exception-3.1
  license_family: GPL
  size: 29147
  timestamp: 1764036159796
- conda: https://conda.anaconda.org/conda-forge/linux-64/libgfortran-ng-15.2.0-h69a702a_12.conda
  sha256: 456e840b03c78d6a9e6b3f9527415a47483ab9f4ad5d063ac1f2fd6b26a7606c
  md5: c2444287b16b7155871405607c149c7a
  depends:
  - libgfortran 15.2.0 h69a702a_12
  license: GPL-3.0-only WITH GCC-exception-3.1
  license_family: GPL
  size: 29193
  timestamp: 1764036391660
- conda: https://conda.anaconda.org/conda-forge/linux-64/libgfortran5-15.2.0-h68bc16d_12.conda
  sha256: 2d6181a368b93e0f3a8de30dda81792404453a3d3ee1aae0103411338cf2950c
  md5: 3df163304a1e1f6796b6d1d28ed9bdd3
  depends:
  - __glibc >=2.17,<3.0.a0
  - libgcc >=15.2.0
  constrains:
  - libgfortran 15.2.0
  license: GPL-3.0-only WITH GCC-exception-3.1
  license_family: GPL
  size: 2485232
  timestamp: 1764036134431
- conda: https://conda.anaconda.org/conda-forge/linux-64/libgomp-15.2.0-he0feb66_12.conda
  sha256: 49c313bb040d04512c5e29da169dec58c51c6535dc97cc5808d3614bc048723e
  md5: 4881b9b732ee8b673cd46875d7d36fc6
  depends:
  - __glibc >=2.17,<3.0.a0
  license: GPL-3.0-only WITH GCC-exception-3.1
  license_family: GPL
  size: 605231
  timestamp: 1764036022611
- conda: https://conda.anaconda.org/conda-forge/linux-64/libhwloc-2.11.2-default_h3d81e11_1002.conda
  sha256: 2823a704e1d08891db0f3a5ab415a2b7e391a18f1e16d27531ef6a69ec2d36b9
  md5: 56aacccb6356b6b6134a79cdf5688506
  depends:
  - __glibc >=2.17,<3.0.a0
  - libgcc >=14
  - libstdcxx >=14
  - libxml2 >=2.13.8,<2.14.0a0
  license: BSD-3-Clause
  license_family: BSD
  size: 2425708
  timestamp: 1752673860271
- conda: https://conda.anaconda.org/conda-forge/linux-64/libiconv-1.18-h3b78370_2.conda
  sha256: c467851a7312765447155e071752d7bf9bf44d610a5687e32706f480aad2833f
  md5: 915f5995e94f60e9a4826e0b0920ee88
  depends:
  - __glibc >=2.17,<3.0.a0
  - libgcc >=14
  license: LGPL-2.1-only
  size: 790176
  timestamp: 1754908768807
- conda: https://conda.anaconda.org/conda-forge/linux-64/liblzma-5.8.1-hb9d3cd8_2.conda
  sha256: f2591c0069447bbe28d4d696b7fcb0c5bd0b4ac582769b89addbcf26fb3430d8
  md5: 1a580f7796c7bf6393fddb8bbbde58dc
  depends:
  - __glibc >=2.17,<3.0.a0
  - libgcc >=13
  constrains:
  - xz 5.8.1.*
  license: 0BSD
  size: 112894
  timestamp: 1749230047870
- conda: https://conda.anaconda.org/conda-forge/linux-64/libnl-3.11.0-hb9d3cd8_0.conda
  sha256: ba7c5d294e3d80f08ac5a39564217702d1a752e352e486210faff794ac5001b4
  md5: db63358239cbe1ff86242406d440e44a
  depends:
  - __glibc >=2.17,<3.0.a0
  - libgcc >=13
  license: LGPL-2.1-or-later
  license_family: LGPL
  size: 741323
  timestamp: 1731846827427
- conda: https://conda.anaconda.org/conda-forge/linux-64/libstdcxx-15.2.0-h934c35e_12.conda
  sha256: 2954f7b21ad6f0f1b9b5eabf0595039c425f6f6267087e58310dc4855fee8383
  md5: b8ef46cab65ab6676c7d5c9581b17ebf
  depends:
  - __glibc >=2.17,<3.0.a0
  - libgcc 15.2.0 he0feb66_12
  constrains:
  - libstdcxx-ng ==15.2.0=*_12
  license: GPL-3.0-only WITH GCC-exception-3.1
  license_family: GPL
  size: 5854408
  timestamp: 1764036151142
- conda: https://conda.anaconda.org/conda-forge/linux-64/libstdcxx-ng-15.2.0-hdf11a46_12.conda
  sha256: 7540d3b3577b058962d110dfa08ec2a278254dd6f9397d33ad0ede7bf222094e
  md5: ac15e685fa88f7d070b60b396dd91017
  depends:
  - libstdcxx 15.2.0 h934c35e_12
  license: GPL-3.0-only WITH GCC-exception-3.1
  license_family: GPL
  size: 29230
  timestamp: 1764036201717
- conda: https://conda.anaconda.org/conda-forge/linux-64/libxcrypt-4.4.36-hd590300_1.conda
  sha256: 6ae68e0b86423ef188196fff6207ed0c8195dd84273cb5623b85aa08033a410c
  md5: 5aa797f8787fe7a17d1b0821485b5adc
  depends:
  - libgcc-ng >=12
  license: LGPL-2.1-or-later
  size: 100393
  timestamp: 1702724383534
- conda: https://conda.anaconda.org/conda-forge/linux-64/libxml2-2.13.9-h04c0eec_0.conda
  sha256: 5d12e993894cb8e9f209e2e6bef9c90fa2b7a339a1f2ab133014b71db81f5d88
  md5: 35eeb0a2add53b1e50218ed230fa6a02
  depends:
  - __glibc >=2.17,<3.0.a0
  - icu >=75.1,<76.0a0
  - libgcc >=14
  - libiconv >=1.18,<2.0a0
  - liblzma >=5.8.1,<6.0a0
  - libzlib >=1.3.1,<2.0a0
  license: MIT
  license_family: MIT
  size: 697033
  timestamp: 1761766011241
- conda: https://conda.anaconda.org/conda-forge/linux-64/libzlib-1.3.1-hb9d3cd8_2.conda
  sha256: d4bfe88d7cb447768e31650f06257995601f89076080e76df55e3112d4e47dc4
  md5: edb0dca6bc32e4f4789199455a1dbeb8
  depends:
  - __glibc >=2.17,<3.0.a0
  - libgcc >=13
  constrains:
  - zlib 1.3.1 *_2
  license: Zlib
  license_family: Other
  size: 60963
  timestamp: 1727963148474
- conda: https://conda.anaconda.org/conda-forge/linux-64/mpi-1.0-openmpi.tar.bz2
  sha256: 54cf44ee2c122bce206f834a825af06e3b14fc4fd58c968ae9329715cc281d1e
  md5: 1dcc49e16749ff79ba2194fa5d4ca5e7
  license: BSD 3-clause
  size: 4204
- conda: https://conda.anaconda.org/conda-forge/linux-64/nccl-2.19.3.1-h3a97aeb_1.conda
  sha256: 23a69f2a1de57344b8baa84e8688a26be0884390b146a492f1456a8b64251bbd
  md5: 5b4d2debfa690f2c4e9ddce30c0714da
  depends:
  - cuda-version >=12.0,<13
  - libgcc-ng >=12
  - libstdcxx-ng >=12
  license: BSD-3-Clause
  license_family: BSD
  size: 101721485
  timestamp: 1700154598413
- conda: https://srgconda.bj.bcebos.com/linux-64/nccl-tests-2.17.6-cuda129_py310_pt2100dev20251014_18607db_0.conda
  sha256: f51ff921d37f85f3400d552cf216152412724db72b16f1e300f5d92a96a1546d
  md5: c44a7435e15f675eafb682c707d0d81e
  depends:
  - cuda-cudart
  - nccl 2.19.3.*
  - openmpi
  - cuda-version >=12.9,<13
  - libgcc >=12
  - libstdcxx >=12
  - libgcc >=12
  - nccl >=2.19.3.1,<3.0a0
  - openmpi >=5.0.5,<6.0a0
  size: 22877525
  timestamp: 1764151905181
- conda: https://conda.anaconda.org/conda-forge/linux-64/openmpi-5.0.5-h6ae21d5_103.conda
  sha256: 6ebed9bb4c61196272e172afa214d0c236c19f8090f045756c0040fa0c588201
  md5: a6a9bbe12482d886aa24c184e76943eb
  depends:
  - __glibc >=2.17,<3.0.a0
  - libevent >=2.1.12,<2.1.13.0a0
  - libgcc
  - libgcc-ng >=12
  - libgfortran
  - libgfortran-ng
  - libgfortran5 >=11.4.0
  - libhwloc >=2.11.2,<2.11.3.0a0
  - libnl >=3.10.0,<4.0a0
  - libstdcxx
  - libstdcxx-ng >=12
  - libzlib >=1.3.1,<2.0a0
  - mpi 1.0 openmpi
  constrains:
  - ucx >=1.17.0,<1.18.0a0
  - ucc >=1.3.0,<1.4.0a0
  - __cuda  >= 11.0
  - cuda-version  >= 11.0
  - libpmix ==0.0.0
  - libprrte ==0.0.0
  license: BSD-3-Clause
  license_family: BSD
  size: 13940124
  timestamp: 1727786100186
- conda: https://conda.anaconda.org/conda-forge/linux-64/openssl-3.6.0-h26f9b46_0.conda
  sha256: a47271202f4518a484956968335b2521409c8173e123ab381e775c358c67fe6d
  md5: 9ee58d5c534af06558933af3c845a780
  depends:
  - __glibc >=2.17,<3.0.a0
  - ca-certificates
  - libgcc >=14
  license: Apache-2.0
  license_family: Apache
  size: 3165399
  timestamp: 1762839186699
- conda: https://conda.anaconda.org/conda-forge/linux-64/perl-5.32.1-7_hd590300_perl5.conda
  build_number: 7
  sha256: 9ec32b6936b0e37bcb0ed34f22ec3116e75b3c0964f9f50ecea5f58734ed6ce9
  md5: f2cfec9406850991f4e3d960cc9e3321
  depends:
  - libgcc-ng >=12
  - libxcrypt >=4.4.36
  license: GPL-1.0-or-later OR Artistic-1.0-Perl
  size: 13344463
  timestamp: 1703310653947
- conda: https://conda.anaconda.org/conda-forge/noarch/perl-test-1.26-pl5321hd8ed1ab_0.tar.bz2
  sha256: ced265ecd48900684dc1d20a984ba23eb6421bd222b1a739b233969082dd8aa4
  md5: 11946fb70c47fa38dd202d6ebf6cec64
  depends:
  - perl >=5.32.1,<6.0a0 *_perl5
  - perl-test-harness
  license: GPL-1.0-or-later OR Artistic-1.0-Perl
  license_family: OTHER
  size: 23668
  timestamp: 1663068585146
- conda: https://conda.anaconda.org/conda-forge/noarch/perl-test-harness-3.44-pl5321hd8ed1ab_0.tar.bz2
  sha256: 99781cbca18a12e23f85428079fc2056a7feef148a4f3a35ecf3c5e56cd45aba
  md5: 8a4acd1dda1520b3f7903dbe1ccb376a
  depends:
  - perl >=5.32.1,<6.0a0 *_perl5
  license: GPL-1.0-or-later OR Artistic-1.0-Perl
  license_family: OTHER
  size: 91677
  timestamp: 1662399713253
